
Microsoft Visual Studio Solution File, Format Version 12.00
# Visual Studio Version 16
VisualStudioVersion = 16.0.31205.134
MinimumVisualStudioVersion = 10.0.40219.1
Project("{FAE04EC0-301F-11D3-BF4B-00C04F79EFBC}") = "Fundamentals but vs 2019", "Fundamentals but vs 2019\Fundamentals but vs 2019.csproj", "{2126349A-AFA7-4FAE-B0E4-BBF42F3A2A5C}"
EndProject
Global
	GlobalSection(SolutionConfigurationPlatforms) = preSolution
		Debug|Any CPU = Debug|Any CPU
		Release|Any CPU = Release|Any CPU
	EndGlobalSection
	GlobalSection(ProjectConfigurationPlatforms) = postSolution
		{2126349A-AFA7-4FAE-B0E4-BBF42F3A2A5C}.Debug|Any CPU.ActiveCfg = Debug|Any CPU
		{2126349A-AFA7-4FAE-B0E4-BBF42F3A2A5C}.Debug|Any CPU.Build.0 = Debug|Any CPU
		{2126349A-AFA7-4FAE-B0E4-BBF42F3A2A5C}.Release|Any CPU.ActiveCfg = Release|Any CPU
		{2126349A-AFA7-4FAE-B0E4-BBF42F3A2A5C}.Release|Any CPU.Build.0 = Release|Any CPU
	EndGlobalSection
	GlobalSection(SolutionProperties) = preSolution
		HideSolutionNode = FALSE
	EndGlobalSection
	GlobalSection(ExtensibilityGlobals) = postSolution
		SolutionGuid = {58ECE524-F2F8-471D-A1F0-060E49660337}
	EndGlobalSection
EndGlobal
